
Microsoft Visual Studio Solution File, Format Version 12.00
# Visual Studio Version 16
VisualStudioVersion = 16.0.32901.82
MinimumVisualStudioVersion = 10.0.40219.1
Project("{FAE04EC0-301F-11D3-BF4B-00C04F79EFBC}") = "FirstTestMobileApp.UWP", "FirstTestMobileApp\FirstTestMobileApp.UWP\FirstTestMobileApp.UWP.csproj", "{1DB69934-95BF-475E-8585-64ED69B0020C}"
EndProject
Project("{FAE04EC0-301F-11D3-BF4B-00C04F79EFBC}") = "FirstTestMobileApp.Android", "FirstTestMobileApp\FirstTestMobileApp.Android\FirstTestMobileApp.Android.csproj", "{6963BE93-1BD9-4528-BBE0-D357CCE2C0BC}"
EndProject
Project("{FAE04EC0-301F-11D3-BF4B-00C04F79EFBC}") = "FirstTestMobileApp.iOS", "FirstTestMobileApp\FirstTestMobileApp.iOS\FirstTestMobileApp.iOS.csproj", "{18D23D85-7990-4E74-A834-1AFB22612736}"
EndProject
Project("{FAE04EC0-301F-11D3-BF4B-00C04F79EFBC}") = "FirstTestMobileApp", "FirstTestMobileApp\FirstTestMobileApp\FirstTestMobileApp.csproj", "{CADBF19C-8970-40A0-AA0B-F8E0EBDEF637}"
EndProject
Global
	GlobalSection(SolutionConfigurationPlatforms) = preSolution
		Debug|Any CPU = Debug|Any CPU
		Debug|ARM = Debug|ARM
		Debug|iPhone = Debug|iPhone
		Debug|iPhoneSimulator = Debug|iPhoneSimulator
		Debug|x64 = Debug|x64
		Debug|x86 = Debug|x86
		Release|Any CPU = Release|Any CPU
		Release|ARM = Release|ARM
		Release|iPhone = Release|iPhone
		Release|iPhoneSimulator = Release|iPhoneSimulator
		Release|x64 = Release|x64
		Release|x86 = Release|x86
	EndGlobalSection
	GlobalSection(ProjectConfigurationPlatforms) = postSolution
		{1DB69934-95BF-475E-8585-64ED69B0020C}.Debug|Any CPU.ActiveCfg = Debug|x86
		{1DB69934-95BF-475E-8585-64ED69B0020C}.Debug|Any CPU.Build.0 = Debug|x86
		{1DB69934-95BF-475E-8585-64ED69B0020C}.Debug|Any CPU.Deploy.0 = Debug|x86
		{1DB69934-95BF-475E-8585-64ED69B0020C}.Debug|ARM.ActiveCfg = Debug|ARM
		{1DB69934-95BF-475E-8585-64ED69B0020C}.Debug|ARM.Build.0 = Debug|ARM
		{1DB69934-95BF-475E-8585-64ED69B0020C}.Debug|ARM.Deploy.0 = Debug|ARM
		{1DB69934-95BF-475E-8585-64ED69B0020C}.Debug|iPhone.ActiveCfg = Debug|x86
		{1DB69934-95BF-475E-8585-64ED69B0020C}.Debug|iPhone.Build.0 = Debug|x86
		{1DB69934-95BF-475E-8585-64ED69B0020C}.Debug|iPhone.Deploy.0 = Debug|x86
		{1DB69934-95BF-475E-8585-64ED69B0020C}.Debug|iPhoneSimulator.ActiveCfg = Debug|x86
		{1DB69934-95BF-475E-8585-64ED69B0020C}.Debug|iPhoneSimulator.Build.0 = Debug|x86
		{1DB69934-95BF-475E-8585-64ED69B0020C}.Debug|iPhoneSimulator.Deploy.0 = Debug|x86
		{1DB69934-95BF-475E-8585-64ED69B0020C}.Debug|x64.ActiveCfg = Debug|x64
		{1DB69934-95BF-475E-8585-64ED69B0020C}.Debug|x64.Build.0 = Debug|x64
		{1DB69934-95BF-475E-8585-64ED69B0020C}.Debug|x64.Deploy.0 = Debug|x64
		{1DB69934-95BF-475E-8585-64ED69B0020C}.Debug|x86.ActiveCfg = Debug|x86
		{1DB69934-95BF-475E-8585-64ED69B0020C}.Debug|x86.Build.0 = Debug|x86
		{1DB69934-95BF-475E-8585-64ED69B0020C}.Debug|x86.Deploy.0 = Debug|x86
		{1DB69934-95BF-475E-8585-64ED69B0020C}.Release|Any CPU.ActiveCfg = Release|x86
		{1DB69934-95BF-475E-8585-64ED69B0020C}.Release|Any CPU.Build.0 = Release|x86
		{1DB69934-95BF-475E-8585-64ED69B0020C}.Release|Any CPU.Deploy.0 = Release|x86
		{1DB69934-95BF-475E-8585-64ED69B0020C}.Release|ARM.ActiveCfg = Release|ARM
		{1DB69934-95BF-475E-8585-64ED69B0020C}.Release|ARM.Build.0 = Release|ARM
		{1DB69934-95BF-475E-8585-64ED69B0020C}.Release|ARM.Deploy.0 = Release|ARM
		{1DB69934-95BF-475E-8585-64ED69B0020C}.Release|iPhone.ActiveCfg = Release|x86
		{1DB69934-95BF-475E-8585-64ED69B0020C}.Release|iPhone.Build.0 = Release|x86
		{1DB69934-95BF-475E-8585-64ED69B0020C}.Release|iPhone.Deploy.0 = Release|x86
		{1DB69934-95BF-475E-8585-64ED69B0020C}.Release|iPhoneSimulator.ActiveCfg = Release|x86
		{1DB69934-95BF-475E-8585-64ED69B0020C}.Release|iPhoneSimulator.Build.0 = Release|x86
		{1DB69934-95BF-475E-8585-64ED69B0020C}.Release|iPhoneSimulator.Deploy.0 = Release|x86
		{1DB69934-95BF-475E-8585-64ED69B0020C}.Release|x64.ActiveCfg = Release|x64
		{1DB69934-95BF-475E-8585-64ED69B0020C}.Release|x64.Build.0 = Release|x64
		{1DB69934-95BF-475E-8585-64ED69B0020C}.Release|x64.Deploy.0 = Release|x64
		{1DB69934-95BF-475E-8585-64ED69B0020C}.Release|x86.ActiveCfg = Release|x86
		{1DB69934-95BF-475E-8585-64ED69B0020C}.Release|x86.Build.0 = Release|x86
		{1DB69934-95BF-475E-8585-64ED69B0020C}.Release|x86.Deploy.0 = Release|x86
		{6963BE93-1BD9-4528-BBE0-D357CCE2C0BC}.Debug|Any CPU.ActiveCfg = Debug|Any CPU
		{6963BE93-1BD9-4528-BBE0-D357CCE2C0BC}.Debug|Any CPU.Build.0 = Debug|Any CPU
		{6963BE93-1BD9-4528-BBE0-D357CCE2C0BC}.Debug|Any CPU.Deploy.0 = Debug|Any CPU
		{6963BE93-1BD9-4528-BBE0-D357CCE2C0BC}.Debug|ARM.ActiveCfg = Debug|Any CPU
		{6963BE93-1BD9-4528-BBE0-D357CCE2C0BC}.Debug|ARM.Build.0 = Debug|Any CPU
		{6963BE93-1BD9-4528-BBE0-D357CCE2C0BC}.Debug|ARM.Deploy.0 = Debug|Any CPU
		{6963BE93-1BD9-4528-BBE0-D357CCE2C0BC}.Debug|iPhone.ActiveCfg = Debug|Any CPU
		{6963BE93-1BD9-4528-BBE0-D357CCE2C0BC}.Debug|iPhone.Build.0 = Debug|Any CPU
		{6963BE93-1BD9-4528-BBE0-D357CCE2C0BC}.Debug|iPhone.Deploy.0 = Debug|Any CPU
		{6963BE93-1BD9-4528-BBE0-D357CCE2C0BC}.Debug|iPhoneSimulator.ActiveCfg = Debug|Any CPU
		{6963BE93-1BD9-4528-BBE0-D357CCE2C0BC}.Debug|iPhoneSimulator.Build.0 = Debug|Any CPU
		{6963BE93-1BD9-4528-BBE0-D357CCE2C0BC}.Debug|iPhoneSimulator.Deploy.0 = Debug|Any CPU
		{6963BE93-1BD9-4528-BBE0-D357CCE2C0BC}.Debug|x64.ActiveCfg = Debug|Any CPU
		{6963BE93-1BD9-4528-BBE0-D357CCE2C0BC}.Debug|x64.Build.0 = Debug|Any CPU
		{6963BE93-1BD9-4528-BBE0-D357CCE2C0BC}.Debug|x64.Deploy.0 = Debug|Any CPU
		{6963BE93-1BD9-4528-BBE0-D357CCE2C0BC}.Debug|x86.ActiveCfg = Debug|Any CPU
		{6963BE93-1BD9-4528-BBE0-D357CCE2C0BC}.Debug|x86.Build.0 = Debug|Any CPU
		{6963BE93-1BD9-4528-BBE0-D357CCE2C0BC}.Debug|x86.Deploy.0 = Debug|Any CPU
		{6963BE93-1BD9-4528-BBE0-D357CCE2C0BC}.Release|Any CPU.ActiveCfg = Release|Any CPU
		{6963BE93-1BD9-4528-BBE0-D357CCE2C0BC}.Release|Any CPU.Build.0 = Release|Any CPU
		{6963BE93-1BD9-4528-BBE0-D357CCE2C0BC}.Release|Any CPU.Deploy.0 = Release|Any CPU
		{6963BE93-1BD9-4528-BBE0-D357CCE2C0BC}.Release|ARM.ActiveCfg = Release|Any CPU
		{6963BE93-1BD9-4528-BBE0-D357CCE2C0BC}.Release|ARM.Build.0 = Release|Any CPU
		{6963BE93-1BD9-4528-BBE0-D357CCE2C0BC}.Release|ARM.Deploy.0 = Release|Any CPU
		{6963BE93-1BD9-4528-BBE0-D357CCE2C0BC}.Release|iPhone.ActiveCfg = Release|Any CPU
		{6963BE93-1BD9-4528-BBE0-D357CCE2C0BC}.Release|iPhone.Build.0 = Release|Any CPU
		{6963BE93-1BD9-4528-BBE0-D357CCE2C0BC}.Release|iPhone.Deploy.0 = Release|Any CPU
		{6963BE93-1BD9-4528-BBE0-D357CCE2C0BC}.Release|iPhoneSimulator.ActiveCfg = Release|Any CPU
		{6963BE93-1BD9-4528-BBE0-D357CCE2C0BC}.Release|iPhoneSimulator.Build.0 = Release|Any CPU
		{6963BE93-1BD9-4528-BBE0-D357CCE2C0BC}.Release|iPhoneSimulator.Deploy.0 = Release|Any CPU
		{6963BE93-1BD9-4528-BBE0-D357CCE2C0BC}.Release|x64.ActiveCfg = Release|Any CPU
		{6963BE93-1BD9-4528-BBE0-D357CCE2C0BC}.Release|x64.Build.0 = Release|Any CPU
		{6963BE93-1BD9-4528-BBE0-D357CCE2C0BC}.Release|x64.Deploy.0 = Release|Any CPU
		{6963BE93-1BD9-4528-BBE0-D357CCE2C0BC}.Release|x86.ActiveCfg = Release|Any CPU
		{6963BE93-1BD9-4528-BBE0-D357CCE2C0BC}.Release|x86.Build.0 = Release|Any CPU
		{6963BE93-1BD9-4528-BBE0-D357CCE2C0BC}.Release|x86.Deploy.0 = Release|Any CPU
		{18D23D85-7990-4E74-A834-1AFB22612736}.Debug|Any CPU.ActiveCfg = Debug|iPhoneSimulator
		{18D23D85-7990-4E74-A834-1AFB22612736}.Debug|Any CPU.Build.0 = Debug|iPhoneSimulator
		{18D23D85-7990-4E74-A834-1AFB22612736}.Debug|Any CPU.Deploy.0 = Debug|iPhoneSimulator
		{18D23D85-7990-4E74-A834-1AFB22612736}.Debug|ARM.ActiveCfg = Debug|iPhone
		{18D23D85-7990-4E74-A834-1AFB22612736}.Debug|ARM.Build.0 = Debug|iPhone
		{18D23D85-7990-4E74-A834-1AFB22612736}.Debug|ARM.Deploy.0 = Debug|iPhone
		{18D23D85-7990-4E74-A834-1AFB22612736}.Debug|iPhone.ActiveCfg = Debug|iPhone
		{18D23D85-7990-4E74-A834-1AFB22612736}.Debug|iPhone.Build.0 = Debug|iPhone
		{18D23D85-7990-4E74-A834-1AFB22612736}.Debug|iPhone.Deploy.0 = Debug|iPhone
		{18D23D85-7990-4E74-A834-1AFB22612736}.Debug|iPhoneSimulator.ActiveCfg = Debug|iPhoneSimulator
		{18D23D85-7990-4E74-A834-1AFB22612736}.Debug|iPhoneSimulator.Build.0 = Debug|iPhoneSimulator
		{18D23D85-7990-4E74-A834-1AFB22612736}.Debug|iPhoneSimulator.Deploy.0 = Debug|iPhoneSimulator
		{18D23D85-7990-4E74-A834-1AFB22612736}.Debug|x64.ActiveCfg = Debug|iPhoneSimulator
		{18D23D85-7990-4E74-A834-1AFB22612736}.Debug|x64.Build.0 = Debug|iPhoneSimulator
		{18D23D85-7990-4E74-A834-1AFB22612736}.Debug|x64.Deploy.0 = Debug|iPhoneSimulator
		{18D23D85-7990-4E74-A834-1AFB22612736}.Debug|x86.ActiveCfg = Debug|iPhoneSimulator
		{18D23D85-7990-4E74-A834-1AFB22612736}.Debug|x86.Build.0 = Debug|iPhoneSimulator
		{18D23D85-7990-4E74-A834-1AFB22612736}.Debug|x86.Deploy.0 = Debug|iPhoneSimulator
		{18D23D85-7990-4E74-A834-1AFB22612736}.Release|Any CPU.ActiveCfg = Release|iPhoneSimulator
		{18D23D85-7990-4E74-A834-1AFB22612736}.Release|Any CPU.Build.0 = Release|iPhoneSimulator
		{18D23D85-7990-4E74-A834-1AFB22612736}.Release|Any CPU.Deploy.0 = Release|iPhoneSimulator
		{18D23D85-7990-4E74-A834-1AFB22612736}.Release|ARM.ActiveCfg = Release|iPhoneSimulator
		{18D23D85-7990-4E74-A834-1AFB22612736}.Release|ARM.Build.0 = Release|iPhoneSimulator
		{18D23D85-7990-4E74-A834-1AFB22612736}.Release|ARM.Deploy.0 = Release|iPhoneSimulator
		{18D23D85-7990-4E74-A834-1AFB22612736}.Release|iPhone.ActiveCfg = Release|iPhone
		{18D23D85-7990-4E74-A834-1AFB22612736}.Release|iPhone.Build.0 = Release|iPhone
		{18D23D85-7990-4E74-A834-1AFB22612736}.Release|iPhone.Deploy.0 = Release|iPhone
		{18D23D85-7990-4E74-A834-1AFB22612736}.Release|iPhoneSimulator.ActiveCfg = Release|iPhoneSimulator
		{18D23D85-7990-4E74-A834-1AFB22612736}.Release|iPhoneSimulator.Build.0 = Release|iPhoneSimulator
		{18D23D85-7990-4E74-A834-1AFB22612736}.Release|iPhoneSimulator.Deploy.0 = Release|iPhoneSimulator
		{18D23D85-7990-4E74-A834-1AFB22612736}.Release|x64.ActiveCfg = Release|iPhoneSimulator
		{18D23D85-7990-4E74-A834-1AFB22612736}.Release|x64.Build.0 = Release|iPhoneSimulator
		{18D23D85-7990-4E74-A834-1AFB22612736}.Release|x64.Deploy.0 = Release|iPhoneSimulator
		{18D23D85-7990-4E74-A834-1AFB22612736}.Release|x86.ActiveCfg = Release|iPhoneSimulator
		{18D23D85-7990-4E74-A834-1AFB22612736}.Release|x86.Build.0 = Release|iPhoneSimulator
		{18D23D85-7990-4E74-A834-1AFB22612736}.Release|x86.Deploy.0 = Release|iPhoneSimulator
		{CADBF19C-8970-40A0-AA0B-F8E0EBDEF637}.Debug|Any CPU.ActiveCfg = Debug|Any CPU
		{CADBF19C-8970-40A0-AA0B-F8E0EBDEF637}.Debug|Any CPU.Build.0 = Debug|Any CPU
		{CADBF19C-8970-40A0-AA0B-F8E0EBDEF637}.Debug|Any CPU.Deploy.0 = Debug|Any CPU
		{CADBF19C-8970-40A0-AA0B-F8E0EBDEF637}.Debug|ARM.ActiveCfg = Debug|Any CPU
		{CADBF19C-8970-40A0-AA0B-F8E0EBDEF637}.Debug|ARM.Build.0 = Debug|Any CPU
		{CADBF19C-8970-40A0-AA0B-F8E0EBDEF637}.Debug|ARM.Deploy.0 = Debug|Any CPU
		{CADBF19C-8970-40A0-AA0B-F8E0EBDEF637}.Debug|iPhone.ActiveCfg = Debug|Any CPU
		{CADBF19C-8970-40A0-AA0B-F8E0EBDEF637}.Debug|iPhone.Build.0 = Debug|Any CPU
		{CADBF19C-8970-40A0-AA0B-F8E0EBDEF637}.Debug|iPhone.Deploy.0 = Debug|Any CPU
		{CADBF19C-8970-40A0-AA0B-F8E0EBDEF637}.Debug|iPhoneSimulator.ActiveCfg = Debug|Any CPU
		{CADBF19C-8970-40A0-AA0B-F8E0EBDEF637}.Debug|iPhoneSimulator.Build.0 = Debug|Any CPU
		{CADBF19C-8970-40A0-AA0B-F8E0EBDEF637}.Debug|iPhoneSimulator.Deploy.0 = Debug|Any CPU
		{CADBF19C-8970-40A0-AA0B-F8E0EBDEF637}.Debug|x64.ActiveCfg = Debug|Any CPU
		{CADBF19C-8970-40A0-AA0B-F8E0EBDEF637}.Debug|x64.Build.0 = Debug|Any CPU
		{CADBF19C-8970-40A0-AA0B-F8E0EBDEF637}.Debug|x64.Deploy.0 = Debug|Any CPU
		{CADBF19C-8970-40A0-AA0B-F8E0EBDEF637}.Debug|x86.ActiveCfg = Debug|Any CPU
		{CADBF19C-8970-40A0-AA0B-F8E0EBDEF637}.Debug|x86.Build.0 = Debug|Any CPU
		{CADBF19C-8970-40A0-AA0B-F8E0EBDEF637}.Debug|x86.Deploy.0 = Debug|Any CPU
		{CADBF19C-8970-40A0-AA0B-F8E0EBDEF637}.Release|Any CPU.ActiveCfg = Release|Any CPU
		{CADBF19C-8970-40A0-AA0B-F8E0EBDEF637}.Release|Any CPU.Build.0 = Release|Any CPU
		{CADBF19C-8970-40A0-AA0B-F8E0EBDEF637}.Release|Any CPU.Deploy.0 = Release|Any CPU
		{CADBF19C-8970-40A0-AA0B-F8E0EBDEF637}.Release|ARM.ActiveCfg = Release|Any CPU
		{CADBF19C-8970-40A0-AA0B-F8E0EBDEF637}.Release|ARM.Build.0 = Release|Any CPU
		{CADBF19C-8970-40A0-AA0B-F8E0EBDEF637}.Release|ARM.Deploy.0 = Release|Any CPU
		{CADBF19C-8970-40A0-AA0B-F8E0EBDEF637}.Release|iPhone.ActiveCfg = Release|Any CPU
		{CADBF19C-8970-40A0-AA0B-F8E0EBDEF637}.Release|iPhone.Build.0 = Release|Any CPU
		{CADBF19C-8970-40A0-AA0B-F8E0EBDEF637}.Release|iPhone.Deploy.0 = Release|Any CPU
		{CADBF19C-8970-40A0-AA0B-F8E0EBDEF637}.Release|iPhoneSimulator.ActiveCfg = Release|Any CPU
		{CADBF19C-8970-40A0-AA0B-F8E0EBDEF637}.Release|iPhoneSimulator.Build.0 = Release|Any CPU
		{CADBF19C-8970-40A0-AA0B-F8E0EBDEF637}.Release|iPhoneSimulator.Deploy.0 = Release|Any CPU
		{CADBF19C-8970-40A0-AA0B-F8E0EBDEF637}.Release|x64.ActiveCfg = Release|Any CPU
		{CADBF19C-8970-40A0-AA0B-F8E0EBDEF637}.Release|x64.Build.0 = Release|Any CPU
		{CADBF19C-8970-40A0-AA0B-F8E0EBDEF637}.Release|x64.Deploy.0 = Release|Any CPU
		{CADBF19C-8970-40A0-AA0B-F8E0EBDEF637}.Release|x86.ActiveCfg = Release|Any CPU
		{CADBF19C-8970-40A0-AA0B-F8E0EBDEF637}.Release|x86.Build.0 = Release|Any CPU
		{CADBF19C-8970-40A0-AA0B-F8E0EBDEF637}.Release|x86.Deploy.0 = Release|Any CPU
	EndGlobalSection
	GlobalSection(SolutionProperties) = preSolution
		HideSolutionNode = FALSE
	EndGlobalSection
	GlobalSection(ExtensibilityGlobals) = postSolution
		SolutionGuid = {83FD221A-4231-468A-BE27-DF944937A17A}
	EndGlobalSection
EndGlobal
